
Microsoft Visual Studio Solution File, Format Version 12.00
# Visual Studio Version 16
VisualStudioVersion = 16.0.32002.261
MinimumVisualStudioVersion = 10.0.40219.1
Project("{FAE04EC0-301F-11D3-BF4B-00C04F79EFBC}") = "azurecoremvc", "azurecoremvc\azurecoremvc.csproj", "{27F5E744-FCBB-4CC8-AC86-69A6CD3B0397}"
EndProject
Global
	GlobalSection(SolutionConfigurationPlatforms) = preSolution
		Debug|Any CPU = Debug|Any CPU
		Release|Any CPU = Release|Any CPU
	EndGlobalSection
	GlobalSection(ProjectConfigurationPlatforms) = postSolution
		{27F5E744-FCBB-4CC8-AC86-69A6CD3B0397}.Debug|Any CPU.ActiveCfg = Debug|Any CPU
		{27F5E744-FCBB-4CC8-AC86-69A6CD3B0397}.Debug|Any CPU.Build.0 = Debug|Any CPU
		{27F5E744-FCBB-4CC8-AC86-69A6CD3B0397}.Release|Any CPU.ActiveCfg = Release|Any CPU
		{27F5E744-FCBB-4CC8-AC86-69A6CD3B0397}.Release|Any CPU.Build.0 = Release|Any CPU
	EndGlobalSection
	GlobalSection(SolutionProperties) = preSolution
		HideSolutionNode = FALSE
	EndGlobalSection
	GlobalSection(ExtensibilityGlobals) = postSolution
		SolutionGuid = {E91E1E51-4ED2-4634-90AC-5178C6C8D2C6}
	EndGlobalSection
EndGlobal
